// !$*UTF8*$!
{
	archiveVersion = 1;
	classes = {
	};
	objectVersion = 55;
	objects = {

/* Begin PBXBuildFile section */
		E16164A1275FC679005A8615 /* Assets.xcassets in Resources */ = {isa = PBXBuildFile; fileRef = E16164A0275FC679005A8615 /* Assets.xcassets */; };
		E16164AF275FC679005A8615 /* Numer0nLensTests.swift in Sources */ = {isa = PBXBuildFile; fileRef = E16164AE275FC679005A8615 /* Numer0nLensTests.swift */; };
		E16164B9275FC679005A8615 /* Numer0nLensUITests.swift in Sources */ = {isa = PBXBuildFile; fileRef = E16164B8275FC679005A8615 /* Numer0nLensUITests.swift */; };
		E16164BB275FC679005A8615 /* Numer0nLensUITestsLaunchTests.swift in Sources */ = {isa = PBXBuildFile; fileRef = E16164BA275FC679005A8615 /* Numer0nLensUITestsLaunchTests.swift */; };
		F0A1C0DE00000000000000B1 /* ProgressComparison.swift in Sources */ = {isa = PBXBuildFile; fileRef = F0A1C0DE00000000000000B2 /* ProgressComparison.swift */; };
		F0A1C0DE00000000000000B3 /* ProgressComparisonView.swift in Sources */ = {isa = PBXBuildFile; fileRef = F0A1C0DE00000000000000B4 /* ProgressComparisonView.swift */; };
		F0A1C0DE00000000000000B5 /* ProgressComparisonTests.swift in Sources */ = {isa = PBXBuildFile; fileRef = F0A1C0DE00000000000000B6 /* ProgressComparisonTests.swift */; };
		F0A1C0DE0000000000000051 /* Deduction.swift in Sources */ = {isa = PBXBuildFile; fileRef = F0A1C0DE0000000000000052 /* Deduction.swift */; };
		F0A1C0DE0000000000000053 /* GameState.swift in Sources */ = {isa = PBXBuildFile; fileRef = F0A1C0DE0000000000000054 /* GameState.swift */; };
		F0A1C0DE0000000000000055 /* GameStateTests.swift in Sources */ = {isa = PBXBuildFile; fileRef = F0A1C0DE0000000000000056 /* GameStateTests.swift */; };
		F0A1C0DE0000000000000001 /* Numer0nAnalysisApp.swift in Sources */ = {isa = PBXBuildFile; fileRef = F0A1C0DE0000000000000002 /* Numer0nAnalysisApp.swift */; };
		F0A1C0DE0000000000000071 /* StartView.swift in Sources */ = {isa = PBXBuildFile; fileRef = F0A1C0DE0000000000000072 /* StartView.swift */; };
		F0A1C0DE0000000000000073 /* GameView.swift in Sources */ = {isa = PBXBuildFile; fileRef = F0A1C0DE0000000000000074 /* GameView.swift */; };
		F0A1C0DE0000000000000003 /* ContentView.swift in Sources */ = {isa = PBXBuildFile; fileRef = F0A1C0DE0000000000000004 /* ContentView.swift */; };
		F0A1C0DE0000000000000011 /* Rule.swift in Sources */ = {isa = PBXBuildFile; fileRef = F0A1C0DE0000000000000012 /* Rule.swift */; };
		F0A1C0DE0000000000000013 /* Numer0nNumber.swift in Sources */ = {isa = PBXBuildFile; fileRef = F0A1C0DE0000000000000014 /* Numer0nNumber.swift */; };
		F0A1C0DE0000000000000015 /* RuleTests.swift in Sources */ = {isa = PBXBuildFile; fileRef = F0A1C0DE0000000000000016 /* RuleTests.swift */; };
		F0A1C0DE0000000000000021 /* Judge.swift in Sources */ = {isa = PBXBuildFile; fileRef = F0A1C0DE0000000000000022 /* Judge.swift */; };
		F0A1C0DE0000000000000023 /* JudgeTests.swift in Sources */ = {isa = PBXBuildFile; fileRef = F0A1C0DE0000000000000024 /* JudgeTests.swift */; };
		F0A1C0DE0000000000000031 /* History.swift in Sources */ = {isa = PBXBuildFile; fileRef = F0A1C0DE0000000000000032 /* History.swift */; };
		F0A1C0DE0000000000000033 /* CandidateFilter.swift in Sources */ = {isa = PBXBuildFile; fileRef = F0A1C0DE0000000000000034 /* CandidateFilter.swift */; };
		F0A1C0DE0000000000000035 /* CandidateFilterTests.swift in Sources */ = {isa = PBXBuildFile; fileRef = F0A1C0DE0000000000000036 /* CandidateFilterTests.swift */; };
		F0A1C0DE0000000000000061 /* BestMoveSearch.swift in Sources */ = {isa = PBXBuildFile; fileRef = F0A1C0DE0000000000000062 /* BestMoveSearch.swift */; };
		F0A1C0DE0000000000000063 /* BestMoveSearchTests.swift in Sources */ = {isa = PBXBuildFile; fileRef = F0A1C0DE0000000000000064 /* BestMoveSearchTests.swift */; };
		F0A1C0DE0000000000000041 /* BestMove.swift in Sources */ = {isa = PBXBuildFile; fileRef = F0A1C0DE0000000000000042 /* BestMove.swift */; };
		F0A1C0DE0000000000000043 /* BestMoveTests.swift in Sources */ = {isa = PBXBuildFile; fileRef = F0A1C0DE0000000000000044 /* BestMoveTests.swift */; };
		F0A1C0DE0000000000000081 /* CallInput.swift in Sources */ = {isa = PBXBuildFile; fileRef = F0A1C0DE0000000000000082 /* CallInput.swift */; };
		F0A1C0DE0000000000000083 /* DeductionView.swift in Sources */ = {isa = PBXBuildFile; fileRef = F0A1C0DE0000000000000084 /* DeductionView.swift */; };
		F0A1C0DE0000000000000085 /* CallInputTests.swift in Sources */ = {isa = PBXBuildFile; fileRef = F0A1C0DE0000000000000086 /* CallInputTests.swift */; };
		F0A1C0DE0000000000000091 /* CandidateListView.swift in Sources */ = {isa = PBXBuildFile; fileRef = F0A1C0DE0000000000000092 /* CandidateListView.swift */; };
		F0A1C0DE00000000000000A1 /* BestMoveSection.swift in Sources */ = {isa = PBXBuildFile; fileRef = F0A1C0DE00000000000000A2 /* BestMoveSection.swift */; };
/* End PBXBuildFile section */

/* Begin PBXContainerItemProxy section */
		E16164AB275FC679005A8615 /* PBXContainerItemProxy */ = {
			isa = PBXContainerItemProxy;
			containerPortal = E161648C275FC677005A8615 /* Project object */;
			proxyType = 1;
			remoteGlobalIDString = E1616493275FC677005A8615;
			remoteInfo = Numer0nLens;
		};
		E16164B5275FC679005A8615 /* PBXContainerItemProxy */ = {
			isa = PBXContainerItemProxy;
			containerPortal = E161648C275FC677005A8615 /* Project object */;
			proxyType = 1;
			remoteGlobalIDString = E1616493275FC677005A8615;
			remoteInfo = Numer0nLens;
		};
/* End PBXContainerItemProxy section */

/* Begin PBXFileReference section */
		E1F0000000000000000000C1 /* Project.xcconfig */ = {isa = PBXFileReference; lastKnownFileType = text.xcconfig; path = Project.xcconfig; sourceTree = "<group>"; };
		E1F0000000000000000000C2 /* Debug.xcconfig */ = {isa = PBXFileReference; lastKnownFileType = text.xcconfig; path = Debug.xcconfig; sourceTree = "<group>"; };
		E1F0000000000000000000C3 /* Release.xcconfig */ = {isa = PBXFileReference; lastKnownFileType = text.xcconfig; path = Release.xcconfig; sourceTree = "<group>"; };
		E1616494275FC677005A8615 /* Numer0nLens.app */ = {isa = PBXFileReference; explicitFileType = wrapper.application; includeInIndex = 0; path = Numer0nLens.app; sourceTree = BUILT_PRODUCTS_DIR; };
		E16164A0275FC679005A8615 /* Assets.xcassets */ = {isa = PBXFileReference; lastKnownFileType = folder.assetcatalog; path = Assets.xcassets; sourceTree = "<group>"; };
		E16164AA275FC679005A8615 /* Numer0nLensTests.xctest */ = {isa = PBXFileReference; explicitFileType = wrapper.cfbundle; includeInIndex = 0; path = Numer0nLensTests.xctest; sourceTree = BUILT_PRODUCTS_DIR; };
		E16164AE275FC679005A8615 /* Numer0nLensTests.swift */ = {isa = PBXFileReference; lastKnownFileType = sourcecode.swift; path = Numer0nLensTests.swift; sourceTree = "<group>"; };
		E16164B4275FC679005A8615 /* Numer0nLensUITests.xctest */ = {isa = PBXFileReference; explicitFileType = wrapper.cfbundle; includeInIndex = 0; path = Numer0nLensUITests.xctest; sourceTree = BUILT_PRODUCTS_DIR; };
		E16164B8275FC679005A8615 /* Numer0nLensUITests.swift */ = {isa = PBXFileReference; lastKnownFileType = sourcecode.swift; path = Numer0nLensUITests.swift; sourceTree = "<group>"; };
		E16164BA275FC679005A8615 /* Numer0nLensUITestsLaunchTests.swift */ = {isa = PBXFileReference; lastKnownFileType = sourcecode.swift; path = Numer0nLensUITestsLaunchTests.swift; sourceTree = "<group>"; };
		F0A1C0DE00000000000000B2 /* ProgressComparison.swift */ = {isa = PBXFileReference; lastKnownFileType = sourcecode.swift; path = ProgressComparison.swift; sourceTree = "<group>"; };
		F0A1C0DE00000000000000B4 /* ProgressComparisonView.swift */ = {isa = PBXFileReference; lastKnownFileType = sourcecode.swift; path = ProgressComparisonView.swift; sourceTree = "<group>"; };
		F0A1C0DE00000000000000B6 /* ProgressComparisonTests.swift */ = {isa = PBXFileReference; lastKnownFileType = sourcecode.swift; path = ProgressComparisonTests.swift; sourceTree = "<group>"; };
		F0A1C0DE0000000000000052 /* Deduction.swift */ = {isa = PBXFileReference; lastKnownFileType = sourcecode.swift; path = Deduction.swift; sourceTree = "<group>"; };
		F0A1C0DE0000000000000054 /* GameState.swift */ = {isa = PBXFileReference; lastKnownFileType = sourcecode.swift; path = GameState.swift; sourceTree = "<group>"; };
		F0A1C0DE0000000000000056 /* GameStateTests.swift */ = {isa = PBXFileReference; lastKnownFileType = sourcecode.swift; path = GameStateTests.swift; sourceTree = "<group>"; };
		F0A1C0DE0000000000000002 /* Numer0nAnalysisApp.swift */ = {isa = PBXFileReference; lastKnownFileType = sourcecode.swift; path = Numer0nAnalysisApp.swift; sourceTree = "<group>"; };
		F0A1C0DE0000000000000072 /* StartView.swift */ = {isa = PBXFileReference; lastKnownFileType = sourcecode.swift; path = StartView.swift; sourceTree = "<group>"; };
		F0A1C0DE0000000000000074 /* GameView.swift */ = {isa = PBXFileReference; lastKnownFileType = sourcecode.swift; path = GameView.swift; sourceTree = "<group>"; };
		F0A1C0DE0000000000000004 /* ContentView.swift */ = {isa = PBXFileReference; lastKnownFileType = sourcecode.swift; path = ContentView.swift; sourceTree = "<group>"; };
		F0A1C0DE0000000000000012 /* Rule.swift */ = {isa = PBXFileReference; lastKnownFileType = sourcecode.swift; path = Rule.swift; sourceTree = "<group>"; };
		F0A1C0DE0000000000000014 /* Numer0nNumber.swift */ = {isa = PBXFileReference; lastKnownFileType = sourcecode.swift; path = Numer0nNumber.swift; sourceTree = "<group>"; };
		F0A1C0DE0000000000000016 /* RuleTests.swift */ = {isa = PBXFileReference; lastKnownFileType = sourcecode.swift; path = RuleTests.swift; sourceTree = "<group>"; };
		F0A1C0DE0000000000000022 /* Judge.swift */ = {isa = PBXFileReference; lastKnownFileType = sourcecode.swift; path = Judge.swift; sourceTree = "<group>"; };
		F0A1C0DE0000000000000024 /* JudgeTests.swift */ = {isa = PBXFileReference; lastKnownFileType = sourcecode.swift; path = JudgeTests.swift; sourceTree = "<group>"; };
		F0A1C0DE0000000000000032 /* History.swift */ = {isa = PBXFileReference; lastKnownFileType = sourcecode.swift; path = History.swift; sourceTree = "<group>"; };
		F0A1C0DE0000000000000034 /* CandidateFilter.swift */ = {isa = PBXFileReference; lastKnownFileType = sourcecode.swift; path = CandidateFilter.swift; sourceTree = "<group>"; };
		F0A1C0DE0000000000000036 /* CandidateFilterTests.swift */ = {isa = PBXFileReference; lastKnownFileType = sourcecode.swift; path = CandidateFilterTests.swift; sourceTree = "<group>"; };
		F0A1C0DE0000000000000062 /* BestMoveSearch.swift */ = {isa = PBXFileReference; lastKnownFileType = sourcecode.swift; path = BestMoveSearch.swift; sourceTree = "<group>"; };
		F0A1C0DE0000000000000064 /* BestMoveSearchTests.swift */ = {isa = PBXFileReference; lastKnownFileType = sourcecode.swift; path = BestMoveSearchTests.swift; sourceTree = "<group>"; };
		F0A1C0DE0000000000000042 /* BestMove.swift */ = {isa = PBXFileReference; lastKnownFileType = sourcecode.swift; path = BestMove.swift; sourceTree = "<group>"; };
		F0A1C0DE0000000000000044 /* BestMoveTests.swift */ = {isa = PBXFileReference; lastKnownFileType = sourcecode.swift; path = BestMoveTests.swift; sourceTree = "<group>"; };
		F0A1C0DE0000000000000082 /* CallInput.swift */ = {isa = PBXFileReference; lastKnownFileType = sourcecode.swift; path = CallInput.swift; sourceTree = "<group>"; };
		F0A1C0DE0000000000000084 /* DeductionView.swift */ = {isa = PBXFileReference; lastKnownFileType = sourcecode.swift; path = DeductionView.swift; sourceTree = "<group>"; };
		F0A1C0DE0000000000000086 /* CallInputTests.swift */ = {isa = PBXFileReference; lastKnownFileType = sourcecode.swift; path = CallInputTests.swift; sourceTree = "<group>"; };
		F0A1C0DE0000000000000092 /* CandidateListView.swift */ = {isa = PBXFileReference; lastKnownFileType = sourcecode.swift; path = CandidateListView.swift; sourceTree = "<group>"; };
		F0A1C0DE00000000000000A2 /* BestMoveSection.swift */ = {isa = PBXFileReference; lastKnownFileType = sourcecode.swift; path = BestMoveSection.swift; sourceTree = "<group>"; };
/* End PBXFileReference section */

/* Begin PBXFrameworksBuildPhase section */
		E1616491275FC677005A8615 /* Frameworks */ = {
			isa = PBXFrameworksBuildPhase;
			buildActionMask = 2147483647;
			files = (
			);
			runOnlyForDeploymentPostprocessing = 0;
		};
		E16164A7275FC679005A8615 /* Frameworks */ = {
			isa = PBXFrameworksBuildPhase;
			buildActionMask = 2147483647;
			files = (
			);
			runOnlyForDeploymentPostprocessing = 0;
		};
		E16164B1275FC679005A8615 /* Frameworks */ = {
			isa = PBXFrameworksBuildPhase;
			buildActionMask = 2147483647;
			files = (
			);
			runOnlyForDeploymentPostprocessing = 0;
		};
/* End PBXFrameworksBuildPhase section */

/* Begin PBXGroup section */
		E1F0000000000000000000C0 /* Configs */ = {
			isa = PBXGroup;
			children = (
				E1F0000000000000000000C1 /* Project.xcconfig */,
				E1F0000000000000000000C2 /* Debug.xcconfig */,
				E1F0000000000000000000C3 /* Release.xcconfig */,
			);
			path = Configs;
			sourceTree = "<group>";
		};
		E161648B275FC677005A8615 = {
			isa = PBXGroup;
			children = (
				E1F0000000000000000000C0 /* Configs */,
				E1616496275FC677005A8615 /* Numer0nLens */,
				E16164AD275FC679005A8615 /* Numer0nLensTests */,
				E16164B7275FC679005A8615 /* Numer0nLensUITests */,
				E1616495275FC677005A8615 /* Products */,
			);
			sourceTree = "<group>";
		};
		E1616495275FC677005A8615 /* Products */ = {
			isa = PBXGroup;
			children = (
				E1616494275FC677005A8615 /* Numer0nLens.app */,
				E16164AA275FC679005A8615 /* Numer0nLensTests.xctest */,
				E16164B4275FC679005A8615 /* Numer0nLensUITests.xctest */,
			);
			name = Products;
			sourceTree = "<group>";
		};
		E1616496275FC677005A8615 /* Numer0nLens */ = {
			isa = PBXGroup;
			children = (
				F0A1C0DE0000000000000017 /* Logic */,
				F0A1C0DE0000000000000057 /* Model */,
				F0A1C0DE0000000000000002 /* Numer0nAnalysisApp.swift */,
				F0A1C0DE0000000000000075 /* Views */,
				E16164A0275FC679005A8615 /* Assets.xcassets */,
			);
			path = Numer0nLens;
			sourceTree = "<group>";
		};
		E16164AD275FC679005A8615 /* Numer0nLensTests */ = {
			isa = PBXGroup;
			children = (
				F0A1C0DE00000000000000B6 /* ProgressComparisonTests.swift */,
				F0A1C0DE0000000000000056 /* GameStateTests.swift */,
				F0A1C0DE0000000000000086 /* CallInputTests.swift */,
				F0A1C0DE0000000000000044 /* BestMoveTests.swift */,
				F0A1C0DE0000000000000064 /* BestMoveSearchTests.swift */,
				F0A1C0DE0000000000000016 /* RuleTests.swift */,
				F0A1C0DE0000000000000024 /* JudgeTests.swift */,
				F0A1C0DE0000000000000036 /* CandidateFilterTests.swift */,
				E16164AE275FC679005A8615 /* Numer0nLensTests.swift */,
			);
			path = Numer0nLensTests;
			sourceTree = "<group>";
		};
		E16164B7275FC679005A8615 /* Numer0nLensUITests */ = {
			isa = PBXGroup;
			children = (
				E16164B8275FC679005A8615 /* Numer0nLensUITests.swift */,
				E16164BA275FC679005A8615 /* Numer0nLensUITestsLaunchTests.swift */,
			);
			path = Numer0nLensUITests;
			sourceTree = "<group>";
		};
		F0A1C0DE0000000000000075 /* Views */ = {
			isa = PBXGroup;
			children = (
				F0A1C0DE0000000000000004 /* ContentView.swift */,
				F0A1C0DE00000000000000B4 /* ProgressComparisonView.swift */,
				F0A1C0DE0000000000000072 /* StartView.swift */,
				F0A1C0DE0000000000000074 /* GameView.swift */,
				F0A1C0DE0000000000000084 /* DeductionView.swift */,
				F0A1C0DE0000000000000092 /* CandidateListView.swift */,
				F0A1C0DE00000000000000A2 /* BestMoveSection.swift */,
			);
			path = Views;
			sourceTree = "<group>";
		};
		F0A1C0DE0000000000000057 /* Model */ = {
			isa = PBXGroup;
			children = (
				F0A1C0DE00000000000000B2 /* ProgressComparison.swift */,
				F0A1C0DE0000000000000052 /* Deduction.swift */,
				F0A1C0DE0000000000000054 /* GameState.swift */,
				F0A1C0DE0000000000000082 /* CallInput.swift */,
			);
			path = Model;
			sourceTree = "<group>";
		};
		F0A1C0DE0000000000000017 /* Logic */ = {
			isa = PBXGroup;
			children = (
				F0A1C0DE0000000000000012 /* Rule.swift */,
				F0A1C0DE0000000000000042 /* BestMove.swift */,
				F0A1C0DE0000000000000062 /* BestMoveSearch.swift */,
				F0A1C0DE0000000000000014 /* Numer0nNumber.swift */,
				F0A1C0DE0000000000000022 /* Judge.swift */,
				F0A1C0DE0000000000000032 /* History.swift */,
				F0A1C0DE0000000000000034 /* CandidateFilter.swift */,
			);
			path = Logic;
			sourceTree = "<group>";
		};
/* End PBXGroup section */

/* Begin PBXNativeTarget section */
		E1616493275FC677005A8615 /* Numer0nLens */ = {
			isa = PBXNativeTarget;
			buildConfigurationList = E16164BE275FC679005A8615 /* Build configuration list for PBXNativeTarget "Numer0nLens" */;
			buildPhases = (
				E1616490275FC677005A8615 /* Sources */,
				E1616491275FC677005A8615 /* Frameworks */,
				E1616492275FC677005A8615 /* Resources */,
			);
			buildRules = (
			);
			dependencies = (
				E1F0000000000000000000A1 /* PBXTargetDependency */,
			);
			name = Numer0nLens;
			productName = Numer0nLens;
			productReference = E1616494275FC677005A8615 /* Numer0nLens.app */;
			productType = "com.apple.product-type.application";
		};
		E16164A9275FC679005A8615 /* Numer0nLensTests */ = {
			isa = PBXNativeTarget;
			buildConfigurationList = E16164C1275FC679005A8615 /* Build configuration list for PBXNativeTarget "Numer0nLensTests" */;
			buildPhases = (
				E16164A6275FC679005A8615 /* Sources */,
				E16164A7275FC679005A8615 /* Frameworks */,
				E16164A8275FC679005A8615 /* Resources */,
			);
			buildRules = (
			);
			dependencies = (
				E16164AC275FC679005A8615 /* PBXTargetDependency */,
				E1F0000000000000000000A3 /* PBXTargetDependency */,
			);
			name = Numer0nLensTests;
			productName = Numer0nLensTests;
			productReference = E16164AA275FC679005A8615 /* Numer0nLensTests.xctest */;
			productType = "com.apple.product-type.bundle.unit-test";
		};
		E16164B3275FC679005A8615 /* Numer0nLensUITests */ = {
			isa = PBXNativeTarget;
			buildConfigurationList = E16164C4275FC679005A8615 /* Build configuration list for PBXNativeTarget "Numer0nLensUITests" */;
			buildPhases = (
				E16164B0275FC679005A8615 /* Sources */,
				E16164B1275FC679005A8615 /* Frameworks */,
				E16164B2275FC679005A8615 /* Resources */,
			);
			buildRules = (
			);
			dependencies = (
				E16164B6275FC679005A8615 /* PBXTargetDependency */,
				E1F0000000000000000000A5 /* PBXTargetDependency */,
			);
			name = Numer0nLensUITests;
			productName = Numer0nLensUITests;
			productReference = E16164B4275FC679005A8615 /* Numer0nLensUITests.xctest */;
			productType = "com.apple.product-type.bundle.ui-testing";
		};
/* End PBXNativeTarget section */

/* Begin PBXProject section */
		E161648C275FC677005A8615 /* Project object */ = {
			isa = PBXProject;
			attributes = {
				BuildIndependentTargetsInParallel = 1;
				LastSwiftUpdateCheck = 1310;
				LastUpgradeCheck = 1310;
				TargetAttributes = {
					E1616493275FC677005A8615 = {
						CreatedOnToolsVersion = 13.1;
					};
					E16164A9275FC679005A8615 = {
						CreatedOnToolsVersion = 13.1;
						TestTargetID = E1616493275FC677005A8615;
					};
					E16164B3275FC679005A8615 = {
						CreatedOnToolsVersion = 13.1;
						TestTargetID = E1616493275FC677005A8615;
					};
				};
			};
			buildConfigurationList = E161648F275FC677005A8615 /* Build configuration list for PBXProject "Numer0nLens" */;
			compatibilityVersion = "Xcode 13.0";
			developmentRegion = en;
			hasScannedForEncodings = 0;
			knownRegions = (
				en,
				Base,
			);
			mainGroup = E161648B275FC677005A8615;
			packageReferences = (
				E1F0000000000000000000A0 /* XCRemoteSwiftPackageReference "SwiftLintPlugins" */,
			);
			productRefGroup = E1616495275FC677005A8615 /* Products */;
			projectDirPath = "";
			projectRoot = "";
			targets = (
				E1616493275FC677005A8615 /* Numer0nLens */,
				E16164A9275FC679005A8615 /* Numer0nLensTests */,
				E16164B3275FC679005A8615 /* Numer0nLensUITests */,
			);
		};
/* End PBXProject section */

/* Begin PBXResourcesBuildPhase section */
		E1616492275FC677005A8615 /* Resources */ = {
			isa = PBXResourcesBuildPhase;
			buildActionMask = 2147483647;
			files = (
				E16164A1275FC679005A8615 /* Assets.xcassets in Resources */,
			);
			runOnlyForDeploymentPostprocessing = 0;
		};
		E16164A8275FC679005A8615 /* Resources */ = {
			isa = PBXResourcesBuildPhase;
			buildActionMask = 2147483647;
			files = (
			);
			runOnlyForDeploymentPostprocessing = 0;
		};
		E16164B2275FC679005A8615 /* Resources */ = {
			isa = PBXResourcesBuildPhase;
			buildActionMask = 2147483647;
			files = (
			);
			runOnlyForDeploymentPostprocessing = 0;
		};
/* End PBXResourcesBuildPhase section */

/* Begin PBXSourcesBuildPhase section */
		E1616490275FC677005A8615 /* Sources */ = {
			isa = PBXSourcesBuildPhase;
			buildActionMask = 2147483647;
			files = (
				F0A1C0DE00000000000000B1 /* ProgressComparison.swift in Sources */,
				F0A1C0DE00000000000000B3 /* ProgressComparisonView.swift in Sources */,
				F0A1C0DE0000000000000051 /* Deduction.swift in Sources */,
				F0A1C0DE0000000000000053 /* GameState.swift in Sources */,
				F0A1C0DE0000000000000001 /* Numer0nAnalysisApp.swift in Sources */,
				F0A1C0DE0000000000000003 /* ContentView.swift in Sources */,
				F0A1C0DE0000000000000071 /* StartView.swift in Sources */,
				F0A1C0DE0000000000000073 /* GameView.swift in Sources */,
				F0A1C0DE0000000000000081 /* CallInput.swift in Sources */,
				F0A1C0DE0000000000000083 /* DeductionView.swift in Sources */,
				F0A1C0DE0000000000000091 /* CandidateListView.swift in Sources */,
				F0A1C0DE00000000000000A1 /* BestMoveSection.swift in Sources */,
				F0A1C0DE0000000000000011 /* Rule.swift in Sources */,
				F0A1C0DE0000000000000041 /* BestMove.swift in Sources */,
				F0A1C0DE0000000000000061 /* BestMoveSearch.swift in Sources */,
				F0A1C0DE0000000000000013 /* Numer0nNumber.swift in Sources */,
				F0A1C0DE0000000000000021 /* Judge.swift in Sources */,
				F0A1C0DE0000000000000031 /* History.swift in Sources */,
				F0A1C0DE0000000000000033 /* CandidateFilter.swift in Sources */,
			);
			runOnlyForDeploymentPostprocessing = 0;
		};
		E16164A6275FC679005A8615 /* Sources */ = {
			isa = PBXSourcesBuildPhase;
			buildActionMask = 2147483647;
			files = (
				F0A1C0DE00000000000000B5 /* ProgressComparisonTests.swift in Sources */,
				F0A1C0DE0000000000000055 /* GameStateTests.swift in Sources */,
				F0A1C0DE0000000000000085 /* CallInputTests.swift in Sources */,
				F0A1C0DE0000000000000043 /* BestMoveTests.swift in Sources */,
				F0A1C0DE0000000000000063 /* BestMoveSearchTests.swift in Sources */,
				F0A1C0DE0000000000000015 /* RuleTests.swift in Sources */,
				F0A1C0DE0000000000000023 /* JudgeTests.swift in Sources */,
				F0A1C0DE0000000000000035 /* CandidateFilterTests.swift in Sources */,
				E16164AF275FC679005A8615 /* Numer0nLensTests.swift in Sources */,
			);
			runOnlyForDeploymentPostprocessing = 0;
		};
		E16164B0275FC679005A8615 /* Sources */ = {
			isa = PBXSourcesBuildPhase;
			buildActionMask = 2147483647;
			files = (
				E16164BB275FC679005A8615 /* Numer0nLensUITestsLaunchTests.swift in Sources */,
				E16164B9275FC679005A8615 /* Numer0nLensUITests.swift in Sources */,
			);
			runOnlyForDeploymentPostprocessing = 0;
		};
/* End PBXSourcesBuildPhase section */

/* Begin PBXTargetDependency section */
		E16164AC275FC679005A8615 /* PBXTargetDependency */ = {
			isa = PBXTargetDependency;
			target = E1616493275FC677005A8615 /* Numer0nLens */;
			targetProxy = E16164AB275FC679005A8615 /* PBXContainerItemProxy */;
		};
		E16164B6275FC679005A8615 /* PBXTargetDependency */ = {
			isa = PBXTargetDependency;
			target = E1616493275FC677005A8615 /* Numer0nLens */;
			targetProxy = E16164B5275FC679005A8615 /* PBXContainerItemProxy */;
		};
		E1F0000000000000000000A1 /* PBXTargetDependency */ = {
			isa = PBXTargetDependency;
			productRef = E1F0000000000000000000A2 /* SwiftLintBuildToolPlugin */;
		};
		E1F0000000000000000000A3 /* PBXTargetDependency */ = {
			isa = PBXTargetDependency;
			productRef = E1F0000000000000000000A4 /* SwiftLintBuildToolPlugin */;
		};
		E1F0000000000000000000A5 /* PBXTargetDependency */ = {
			isa = PBXTargetDependency;
			productRef = E1F0000000000000000000A6 /* SwiftLintBuildToolPlugin */;
		};
/* End PBXTargetDependency section */

/* Begin XCBuildConfiguration section */
		E16164BC275FC679005A8615 /* Debug */ = {
			isa = XCBuildConfiguration;
			baseConfigurationReference = E1F0000000000000000000C2 /* Debug.xcconfig */;
			buildSettings = {
				ALWAYS_SEARCH_USER_PATHS = NO;
				CLANG_ANALYZER_NONNULL = YES;
				CLANG_ANALYZER_NUMBER_OBJECT_CONVERSION = YES_AGGRESSIVE;
				CLANG_CXX_LANGUAGE_STANDARD = "gnu++17";
				CLANG_CXX_LIBRARY = "libc++";
				CLANG_ENABLE_MODULES = YES;
				CLANG_ENABLE_OBJC_ARC = YES;
				CLANG_ENABLE_OBJC_WEAK = YES;
				CLANG_WARN_BLOCK_CAPTURE_AUTORELEASING = YES;
				CLANG_WARN_BOOL_CONVERSION = YES;
				CLANG_WARN_COMMA = YES;
				CLANG_WARN_CONSTANT_CONVERSION = YES;
				CLANG_WARN_DEPRECATED_OBJC_IMPLEMENTATIONS = YES;
				CLANG_WARN_DIRECT_OBJC_ISA_USAGE = YES_ERROR;
				CLANG_WARN_DOCUMENTATION_COMMENTS = YES;
				CLANG_WARN_EMPTY_BODY = YES;
				CLANG_WARN_ENUM_CONVERSION = YES;
				CLANG_WARN_INFINITE_RECURSION = YES;
				CLANG_WARN_INT_CONVERSION = YES;
				CLANG_WARN_NON_LITERAL_NULL_CONVERSION = YES;
				CLANG_WARN_OBJC_IMPLICIT_RETAIN_SELF = YES;
				CLANG_WARN_OBJC_LITERAL_CONVERSION = YES;
				CLANG_WARN_OBJC_ROOT_CLASS = YES_ERROR;
				CLANG_WARN_QUOTED_INCLUDE_IN_FRAMEWORK_HEADER = YES;
				CLANG_WARN_RANGE_LOOP_ANALYSIS = YES;
				CLANG_WARN_STRICT_PROTOTYPES = YES;
				CLANG_WARN_SUSPICIOUS_MOVE = YES;
				CLANG_WARN_UNGUARDED_AVAILABILITY = YES_AGGRESSIVE;
				CLANG_WARN_UNREACHABLE_CODE = YES;
				CLANG_WARN__DUPLICATE_METHOD_MATCH = YES;
				COPY_PHASE_STRIP = NO;
				DEBUG_INFORMATION_FORMAT = dwarf;
				ENABLE_STRICT_OBJC_MSGSEND = YES;
				ENABLE_TESTABILITY = YES;
				GCC_C_LANGUAGE_STANDARD = gnu11;
				GCC_DYNAMIC_NO_PIC = NO;
				GCC_NO_COMMON_BLOCKS = YES;
				GCC_OPTIMIZATION_LEVEL = 0;
				GCC_PREPROCESSOR_DEFINITIONS = (
					"DEBUG=1",
					"$(inherited)",
				);
				GCC_WARN_64_TO_32_BIT_CONVERSION = YES;
				GCC_WARN_ABOUT_RETURN_TYPE = YES_ERROR;
				GCC_WARN_UNDECLARED_SELECTOR = YES;
				GCC_WARN_UNINITIALIZED_AUTOS = YES_AGGRESSIVE;
				GCC_WARN_UNUSED_FUNCTION = YES;
				GCC_WARN_UNUSED_VARIABLE = YES;
				MTL_ENABLE_DEBUG_INFO = INCLUDE_SOURCE;
				MTL_FAST_MATH = YES;
				ONLY_ACTIVE_ARCH = YES;
				SDKROOT = iphoneos;
				SWIFT_ACTIVE_COMPILATION_CONDITIONS = DEBUG;
				SWIFT_OPTIMIZATION_LEVEL = "-Onone";
			};
			name = Debug;
		};
		E16164BD275FC679005A8615 /* Release */ = {
			isa = XCBuildConfiguration;
			baseConfigurationReference = E1F0000000000000000000C3 /* Release.xcconfig */;
			buildSettings = {
				ALWAYS_SEARCH_USER_PATHS = NO;
				CLANG_ANALYZER_NONNULL = YES;
				CLANG_ANALYZER_NUMBER_OBJECT_CONVERSION = YES_AGGRESSIVE;
				CLANG_CXX_LANGUAGE_STANDARD = "gnu++17";
				CLANG_CXX_LIBRARY = "libc++";
				CLANG_ENABLE_MODULES = YES;
				CLANG_ENABLE_OBJC_ARC = YES;
				CLANG_ENABLE_OBJC_WEAK = YES;
				CLANG_WARN_BLOCK_CAPTURE_AUTORELEASING = YES;
				CLANG_WARN_BOOL_CONVERSION = YES;
				CLANG_WARN_COMMA = YES;
				CLANG_WARN_CONSTANT_CONVERSION = YES;
				CLANG_WARN_DEPRECATED_OBJC_IMPLEMENTATIONS = YES;
				CLANG_WARN_DIRECT_OBJC_ISA_USAGE = YES_ERROR;
				CLANG_WARN_DOCUMENTATION_COMMENTS = YES;
				CLANG_WARN_EMPTY_BODY = YES;
				CLANG_WARN_ENUM_CONVERSION = YES;
				CLANG_WARN_INFINITE_RECURSION = YES;
				CLANG_WARN_INT_CONVERSION = YES;
				CLANG_WARN_NON_LITERAL_NULL_CONVERSION = YES;
				CLANG_WARN_OBJC_IMPLICIT_RETAIN_SELF = YES;
				CLANG_WARN_OBJC_LITERAL_CONVERSION = YES;
				CLANG_WARN_OBJC_ROOT_CLASS = YES_ERROR;
				CLANG_WARN_QUOTED_INCLUDE_IN_FRAMEWORK_HEADER = YES;
				CLANG_WARN_RANGE_LOOP_ANALYSIS = YES;
				CLANG_WARN_STRICT_PROTOTYPES = YES;
				CLANG_WARN_SUSPICIOUS_MOVE = YES;
				CLANG_WARN_UNGUARDED_AVAILABILITY = YES_AGGRESSIVE;
				CLANG_WARN_UNREACHABLE_CODE = YES;
				CLANG_WARN__DUPLICATE_METHOD_MATCH = YES;
				COPY_PHASE_STRIP = NO;
				DEBUG_INFORMATION_FORMAT = "dwarf-with-dsym";
				ENABLE_NS_ASSERTIONS = NO;
				ENABLE_STRICT_OBJC_MSGSEND = YES;
				GCC_C_LANGUAGE_STANDARD = gnu11;
				GCC_NO_COMMON_BLOCKS = YES;
				GCC_WARN_64_TO_32_BIT_CONVERSION = YES;
				GCC_WARN_ABOUT_RETURN_TYPE = YES_ERROR;
				GCC_WARN_UNDECLARED_SELECTOR = YES;
				GCC_WARN_UNINITIALIZED_AUTOS = YES_AGGRESSIVE;
				GCC_WARN_UNUSED_FUNCTION = YES;
				GCC_WARN_UNUSED_VARIABLE = YES;
				MTL_ENABLE_DEBUG_INFO = NO;
				MTL_FAST_MATH = YES;
				SDKROOT = iphoneos;
				SWIFT_COMPILATION_MODE = wholemodule;
				SWIFT_OPTIMIZATION_LEVEL = "-O";
				VALIDATE_PRODUCT = YES;
			};
			name = Release;
		};
		E16164BF275FC679005A8615 /* Debug */ = {
			isa = XCBuildConfiguration;
			buildSettings = {
				ASSETCATALOG_COMPILER_APPICON_NAME = AppIcon;
				ASSETCATALOG_COMPILER_GLOBAL_ACCENT_COLOR_NAME = AccentColor;
				CODE_SIGN_STYLE = Automatic;
				GENERATE_INFOPLIST_FILE = YES;
				INFOPLIST_KEY_CFBundleDisplayName = "$(APP_DISPLAY_NAME)";
				INFOPLIST_KEY_UIApplicationSceneManifest_Generation = YES;
				INFOPLIST_KEY_UIApplicationSupportsIndirectInputEvents = YES;
				INFOPLIST_KEY_UILaunchScreen_Generation = YES;
				INFOPLIST_KEY_UISupportedInterfaceOrientations_iPad = "UIInterfaceOrientationPortrait UIInterfaceOrientationPortraitUpsideDown UIInterfaceOrientationLandscapeLeft UIInterfaceOrientationLandscapeRight";
				INFOPLIST_KEY_UISupportedInterfaceOrientations_iPhone = "UIInterfaceOrientationPortrait UIInterfaceOrientationLandscapeLeft UIInterfaceOrientationLandscapeRight";
				LD_RUNPATH_SEARCH_PATHS = (
					"$(inherited)",
					"@executable_path/Frameworks",
				);
				PRODUCT_BUNDLE_IDENTIFIER = "$(APP_BUNDLE_IDENTIFIER)";
				PRODUCT_MODULE_NAME = "$(APP_MODULE_NAME)";
				PRODUCT_NAME = "$(TARGET_NAME)";
				SWIFT_EMIT_LOC_STRINGS = YES;
				SWIFT_VERSION = 5.0;
				TARGETED_DEVICE_FAMILY = "1,2";
			};
			name = Debug;
		};
		E16164C0275FC679005A8615 /* Release */ = {
			isa = XCBuildConfiguration;
			buildSettings = {
				ASSETCATALOG_COMPILER_APPICON_NAME = AppIcon;
				ASSETCATALOG_COMPILER_GLOBAL_ACCENT_COLOR_NAME = AccentColor;
				CODE_SIGN_STYLE = Automatic;
				GENERATE_INFOPLIST_FILE = YES;
				INFOPLIST_KEY_CFBundleDisplayName = "$(APP_DISPLAY_NAME)";
				INFOPLIST_KEY_UIApplicationSceneManifest_Generation = YES;
				INFOPLIST_KEY_UIApplicationSupportsIndirectInputEvents = YES;
				INFOPLIST_KEY_UILaunchScreen_Generation = YES;
				INFOPLIST_KEY_UISupportedInterfaceOrientations_iPad = "UIInterfaceOrientationPortrait UIInterfaceOrientationPortraitUpsideDown UIInterfaceOrientationLandscapeLeft UIInterfaceOrientationLandscapeRight";
				INFOPLIST_KEY_UISupportedInterfaceOrientations_iPhone = "UIInterfaceOrientationPortrait UIInterfaceOrientationLandscapeLeft UIInterfaceOrientationLandscapeRight";
				LD_RUNPATH_SEARCH_PATHS = (
					"$(inherited)",
					"@executable_path/Frameworks",
				);
				PRODUCT_BUNDLE_IDENTIFIER = "$(APP_BUNDLE_IDENTIFIER)";
				PRODUCT_MODULE_NAME = "$(APP_MODULE_NAME)";
				PRODUCT_NAME = "$(TARGET_NAME)";
				SWIFT_EMIT_LOC_STRINGS = YES;
				SWIFT_VERSION = 5.0;
				TARGETED_DEVICE_FAMILY = "1,2";
			};
			name = Release;
		};
		E16164C2275FC679005A8615 /* Debug */ = {
			isa = XCBuildConfiguration;
			buildSettings = {
				ALWAYS_EMBED_SWIFT_STANDARD_LIBRARIES = YES;
				BUNDLE_LOADER = "$(TEST_HOST)";
				CODE_SIGN_STYLE = Automatic;
				GENERATE_INFOPLIST_FILE = YES;
				LD_RUNPATH_SEARCH_PATHS = (
					"$(inherited)",
					"@executable_path/Frameworks",
					"@loader_path/Frameworks",
				);
				PRODUCT_BUNDLE_IDENTIFIER = "$(APP_BUNDLE_IDENTIFIER).Tests";
				PRODUCT_NAME = "$(TARGET_NAME)";
				SWIFT_EMIT_LOC_STRINGS = NO;
				SWIFT_VERSION = 5.0;
				TARGETED_DEVICE_FAMILY = "1,2";
				TEST_HOST = "$(BUILT_PRODUCTS_DIR)/Numer0nLens.app/Numer0nLens";
			};
			name = Debug;
		};
		E16164C3275FC679005A8615 /* Release */ = {
			isa = XCBuildConfiguration;
			buildSettings = {
				ALWAYS_EMBED_SWIFT_STANDARD_LIBRARIES = YES;
				BUNDLE_LOADER = "$(TEST_HOST)";
				CODE_SIGN_STYLE = Automatic;
				GENERATE_INFOPLIST_FILE = YES;
				LD_RUNPATH_SEARCH_PATHS = (
					"$(inherited)",
					"@executable_path/Frameworks",
					"@loader_path/Frameworks",
				);
				PRODUCT_BUNDLE_IDENTIFIER = "$(APP_BUNDLE_IDENTIFIER).Tests";
				PRODUCT_NAME = "$(TARGET_NAME)";
				SWIFT_EMIT_LOC_STRINGS = NO;
				SWIFT_VERSION = 5.0;
				TARGETED_DEVICE_FAMILY = "1,2";
				TEST_HOST = "$(BUILT_PRODUCTS_DIR)/Numer0nLens.app/Numer0nLens";
			};
			name = Release;
		};
		E16164C5275FC679005A8615 /* Debug */ = {
			isa = XCBuildConfiguration;
			buildSettings = {
				ALWAYS_EMBED_SWIFT_STANDARD_LIBRARIES = YES;
				CODE_SIGN_STYLE = Automatic;
				GENERATE_INFOPLIST_FILE = YES;
				LD_RUNPATH_SEARCH_PATHS = (
					"$(inherited)",
					"@executable_path/Frameworks",
					"@loader_path/Frameworks",
				);
				PRODUCT_BUNDLE_IDENTIFIER = "$(APP_BUNDLE_IDENTIFIER).UITests";
				PRODUCT_NAME = "$(TARGET_NAME)";
				SWIFT_EMIT_LOC_STRINGS = NO;
				SWIFT_VERSION = 5.0;
				TARGETED_DEVICE_FAMILY = "1,2";
				TEST_TARGET_NAME = Numer0nLens;
			};
			name = Debug;
		};
		E16164C6275FC679005A8615 /* Release */ = {
			isa = XCBuildConfiguration;
			buildSettings = {
				ALWAYS_EMBED_SWIFT_STANDARD_LIBRARIES = YES;
				CODE_SIGN_STYLE = Automatic;
				GENERATE_INFOPLIST_FILE = YES;
				LD_RUNPATH_SEARCH_PATHS = (
					"$(inherited)",
					"@executable_path/Frameworks",
					"@loader_path/Frameworks",
				);
				PRODUCT_BUNDLE_IDENTIFIER = "$(APP_BUNDLE_IDENTIFIER).UITests";
				PRODUCT_NAME = "$(TARGET_NAME)";
				SWIFT_EMIT_LOC_STRINGS = NO;
				SWIFT_VERSION = 5.0;
				TARGETED_DEVICE_FAMILY = "1,2";
				TEST_TARGET_NAME = Numer0nLens;
			};
			name = Release;
		};
/* End XCBuildConfiguration section */

/* Begin XCConfigurationList section */
		E161648F275FC677005A8615 /* Build configuration list for PBXProject "Numer0nLens" */ = {
			isa = XCConfigurationList;
			buildConfigurations = (
				E16164BC275FC679005A8615 /* Debug */,
				E16164BD275FC679005A8615 /* Release */,
			);
			defaultConfigurationIsVisible = 0;
			defaultConfigurationName = Release;
		};
		E16164BE275FC679005A8615 /* Build configuration list for PBXNativeTarget "Numer0nLens" */ = {
			isa = XCConfigurationList;
			buildConfigurations = (
				E16164BF275FC679005A8615 /* Debug */,
				E16164C0275FC679005A8615 /* Release */,
			);
			defaultConfigurationIsVisible = 0;
			defaultConfigurationName = Release;
		};
		E16164C1275FC679005A8615 /* Build configuration list for PBXNativeTarget "Numer0nLensTests" */ = {
			isa = XCConfigurationList;
			buildConfigurations = (
				E16164C2275FC679005A8615 /* Debug */,
				E16164C3275FC679005A8615 /* Release */,
			);
			defaultConfigurationIsVisible = 0;
			defaultConfigurationName = Release;
		};
		E16164C4275FC679005A8615 /* Build configuration list for PBXNativeTarget "Numer0nLensUITests" */ = {
			isa = XCConfigurationList;
			buildConfigurations = (
				E16164C5275FC679005A8615 /* Debug */,
				E16164C6275FC679005A8615 /* Release */,
			);
			defaultConfigurationIsVisible = 0;
			defaultConfigurationName = Release;
		};
/* End XCConfigurationList section */

/* Begin XCRemoteSwiftPackageReference section */
		E1F0000000000000000000A0 /* XCRemoteSwiftPackageReference "SwiftLintPlugins" */ = {
			isa = XCRemoteSwiftPackageReference;
			repositoryURL = "https://github.com/SimplyDanny/SwiftLintPlugins";
			requirement = {
				kind = upToNextMajorVersion;
				minimumVersion = 0.65.1;
			};
		};
/* End XCRemoteSwiftPackageReference section */

/* Begin XCSwiftPackageProductDependency section */
		E1F0000000000000000000A2 /* SwiftLintBuildToolPlugin */ = {
			isa = XCSwiftPackageProductDependency;
			package = E1F0000000000000000000A0 /* XCRemoteSwiftPackageReference "SwiftLintPlugins" */;
			productName = "plugin:SwiftLintBuildToolPlugin";
		};
		E1F0000000000000000000A4 /* SwiftLintBuildToolPlugin */ = {
			isa = XCSwiftPackageProductDependency;
			package = E1F0000000000000000000A0 /* XCRemoteSwiftPackageReference "SwiftLintPlugins" */;
			productName = "plugin:SwiftLintBuildToolPlugin";
		};
		E1F0000000000000000000A6 /* SwiftLintBuildToolPlugin */ = {
			isa = XCSwiftPackageProductDependency;
			package = E1F0000000000000000000A0 /* XCRemoteSwiftPackageReference "SwiftLintPlugins" */;
			productName = "plugin:SwiftLintBuildToolPlugin";
		};
/* End XCSwiftPackageProductDependency section */
	};
	rootObject = E161648C275FC677005A8615 /* Project object */;
}
